
Microsoft Visual Studio Solution File, Format Version 12.00
Project("{FAE04EC0-301F-11D3-BF4B-00C04F79EFBC}") = "Task_4", "Task_4.csproj", "{8027B129-FE89-43D5-9453-CF62A9C45C0D}"
EndProject
Global
	GlobalSection(SolutionConfigurationPlatforms) = preSolution
		Debug|Any CPU = Debug|Any CPU
		Release|Any CPU = Release|Any CPU
	EndGlobalSection
	GlobalSection(ProjectConfigurationPlatforms) = postSolution
		{8027B129-FE89-43D5-9453-CF62A9C45C0D}.Debug|Any CPU.ActiveCfg = Debug|Any CPU
		{8027B129-FE89-43D5-9453-CF62A9C45C0D}.Debug|Any CPU.Build.0 = Debug|Any CPU
		{8027B129-FE89-43D5-9453-CF62A9C45C0D}.Release|Any CPU.ActiveCfg = Release|Any CPU
		{8027B129-FE89-43D5-9453-CF62A9C45C0D}.Release|Any CPU.Build.0 = Release|Any CPU
	EndGlobalSection
EndGlobal
